
Microsoft Visual Studio Solution File, Format Version 12.00
# Visual Studio Version 16
VisualStudioVersion = 16.0.30621.155
MinimumVisualStudioVersion = 10.0.40219.1
Project("{FAE04EC0-301F-11D3-BF4B-00C04F79EFBC}") = "SortAlgorithms", "SortAlgorithms\SortAlgorithms.csproj", "{B125A412-A4A9-416B-9B4D-F74F2D0571D5}"
EndProject
Project("{FAE04EC0-301F-11D3-BF4B-00C04F79EFBC}") = "Algorithm", "AlgorithmBase\Algorithm.csproj", "{2A441990-BDA4-45E4-9529-0AF2FC90B4A0}"
EndProject
Project("{FAE04EC0-301F-11D3-BF4B-00C04F79EFBC}") = "AlgorithmTests", "AlgorithmTests\AlgorithmTests.csproj", "{3A789596-7EEB-4CF9-BEF6-AFA6B22BEFE3}"
EndProject
Global
	GlobalSection(SolutionConfigurationPlatforms) = preSolution
		Release|Any CPU = Release|Any CPU
	EndGlobalSection
	GlobalSection(ProjectConfigurationPlatforms) = postSolution
		{B125A412-A4A9-416B-9B4D-F74F2D0571D5}.Release|Any CPU.ActiveCfg = Debug|Any CPU
		{B125A412-A4A9-416B-9B4D-F74F2D0571D5}.Release|Any CPU.Build.0 = Debug|Any CPU
		{2A441990-BDA4-45E4-9529-0AF2FC90B4A0}.Release|Any CPU.ActiveCfg = Debug|Any CPU
		{2A441990-BDA4-45E4-9529-0AF2FC90B4A0}.Release|Any CPU.Build.0 = Debug|Any CPU
		{3A789596-7EEB-4CF9-BEF6-AFA6B22BEFE3}.Release|Any CPU.ActiveCfg = Debug|Any CPU
		{3A789596-7EEB-4CF9-BEF6-AFA6B22BEFE3}.Release|Any CPU.Build.0 = Debug|Any CPU
	EndGlobalSection
	GlobalSection(SolutionProperties) = preSolution
		HideSolutionNode = FALSE
	EndGlobalSection
	GlobalSection(ExtensibilityGlobals) = postSolution
		SolutionGuid = {34C9D279-0102-4E7C-A1D1-6A0126B7C5EF}
	EndGlobalSection
EndGlobal
